
Microsoft Visual Studio Solution File, Format Version 12.00
# Visual Studio 15
VisualStudioVersion = 15.0.28307.645
MinimumVisualStudioVersion = 10.0.40219.1
Project("{FAE04EC0-301F-11D3-BF4B-00C04F79EFBC}") = "Contratamos.Android", "Contratamos\Contratamos.Android\Contratamos.Android.csproj", "{DBF98FD2-5A74-45D1-86F2-CE86E868D439}"
EndProject
Project("{FAE04EC0-301F-11D3-BF4B-00C04F79EFBC}") = "Contratamos.iOS", "Contratamos\Contratamos.iOS\Contratamos.iOS.csproj", "{B16E7B9E-9822-4B67-B632-4B9181496923}"
EndProject
Project("{FAE04EC0-301F-11D3-BF4B-00C04F79EFBC}") = "Contratamos", "Contratamos\Contratamos\Contratamos.csproj", "{497CCFAA-BC11-4C86-94AA-1F12FFB909C1}"
EndProject
Global
	GlobalSection(SolutionConfigurationPlatforms) = preSolution
		Ad-Hoc|Any CPU = Ad-Hoc|Any CPU
		Ad-Hoc|iPhone = Ad-Hoc|iPhone
		Ad-Hoc|iPhoneSimulator = Ad-Hoc|iPhoneSimulator
		AppStore|Any CPU = AppStore|Any CPU
		AppStore|iPhone = AppStore|iPhone
		AppStore|iPhoneSimulator = AppStore|iPhoneSimulator
		Debug|Any CPU = Debug|Any CPU
		Debug|iPhone = Debug|iPhone
		Debug|iPhoneSimulator = Debug|iPhoneSimulator
		Release|Any CPU = Release|Any CPU
		Release|iPhone = Release|iPhone
		Release|iPhoneSimulator = Release|iPhoneSimulator
	EndGlobalSection
	GlobalSection(ProjectConfigurationPlatforms) = postSolution
		{DBF98FD2-5A74-45D1-86F2-CE86E868D439}.Ad-Hoc|Any CPU.ActiveCfg = Release|Any CPU
		{DBF98FD2-5A74-45D1-86F2-CE86E868D439}.Ad-Hoc|Any CPU.Build.0 = Release|Any CPU
		{DBF98FD2-5A74-45D1-86F2-CE86E868D439}.Ad-Hoc|Any CPU.Deploy.0 = Release|Any CPU
		{DBF98FD2-5A74-45D1-86F2-CE86E868D439}.Ad-Hoc|iPhone.ActiveCfg = Release|Any CPU
		{DBF98FD2-5A74-45D1-86F2-CE86E868D439}.Ad-Hoc|iPhone.Build.0 = Release|Any CPU
		{DBF98FD2-5A74-45D1-86F2-CE86E868D439}.Ad-Hoc|iPhone.Deploy.0 = Release|Any CPU
		{DBF98FD2-5A74-45D1-86F2-CE86E868D439}.Ad-Hoc|iPhoneSimulator.ActiveCfg = Release|Any CPU
		{DBF98FD2-5A74-45D1-86F2-CE86E868D439}.Ad-Hoc|iPhoneSimulator.Build.0 = Release|Any CPU
		{DBF98FD2-5A74-45D1-86F2-CE86E868D439}.Ad-Hoc|iPhoneSimulator.Deploy.0 = Release|Any CPU
		{DBF98FD2-5A74-45D1-86F2-CE86E868D439}.AppStore|Any CPU.ActiveCfg = Release|Any CPU
		{DBF98FD2-5A74-45D1-86F2-CE86E868D439}.AppStore|Any CPU.Build.0 = Release|Any CPU
		{DBF98FD2-5A74-45D1-86F2-CE86E868D439}.AppStore|Any CPU.Deploy.0 = Release|Any CPU
		{DBF98FD2-5A74-45D1-86F2-CE86E868D439}.AppStore|iPhone.ActiveCfg = Release|Any CPU
		{DBF98FD2-5A74-45D1-86F2-CE86E868D439}.AppStore|iPhone.Build.0 = Release|Any CPU
		{DBF98FD2-5A74-45D1-86F2-CE86E868D439}.AppStore|iPhone.Deploy.0 = Release|Any CPU
		{DBF98FD2-5A74-45D1-86F2-CE86E868D439}.AppStore|iPhoneSimulator.ActiveCfg = Release|Any CPU
		{DBF98FD2-5A74-45D1-86F2-CE86E868D439}.AppStore|iPhoneSimulator.Build.0 = Release|Any CPU
		{DBF98FD2-5A74-45D1-86F2-CE86E868D439}.AppStore|iPhoneSimulator.Deploy.0 = Release|Any CPU
		{DBF98FD2-5A74-45D1-86F2-CE86E868D439}.Debug|Any CPU.ActiveCfg = Debug|Any CPU
		{DBF98FD2-5A74-45D1-86F2-CE86E868D439}.Debug|Any CPU.Build.0 = Debug|Any CPU
		{DBF98FD2-5A74-45D1-86F2-CE86E868D439}.Debug|Any CPU.Deploy.0 = Debug|Any CPU
		{DBF98FD2-5A74-45D1-86F2-CE86E868D439}.Debug|iPhone.ActiveCfg = Debug|Any CPU
		{DBF98FD2-5A74-45D1-86F2-CE86E868D439}.Debug|iPhone.Build.0 = Debug|Any CPU
		{DBF98FD2-5A74-45D1-86F2-CE86E868D439}.Debug|iPhone.Deploy.0 = Debug|Any CPU
		{DBF98FD2-5A74-45D1-86F2-CE86E868D439}.Debug|iPhoneSimulator.ActiveCfg = Debug|Any CPU
		{DBF98FD2-5A74-45D1-86F2-CE86E868D439}.Debug|iPhoneSimulator.Build.0 = Debug|Any CPU
		{DBF98FD2-5A74-45D1-86F2-CE86E868D439}.Debug|iPhoneSimulator.Deploy.0 = Debug|Any CPU
		{DBF98FD2-5A74-45D1-86F2-CE86E868D439}.Release|Any CPU.ActiveCfg = Release|Any CPU
		{DBF98FD2-5A74-45D1-86F2-CE86E868D439}.Release|Any CPU.Build.0 = Release|Any CPU
		{DBF98FD2-5A74-45D1-86F2-CE86E868D439}.Release|Any CPU.Deploy.0 = Release|Any CPU
		{DBF98FD2-5A74-45D1-86F2-CE86E868D439}.Release|iPhone.ActiveCfg = Release|Any CPU
		{DBF98FD2-5A74-45D1-86F2-CE86E868D439}.Release|iPhone.Build.0 = Release|Any CPU
		{DBF98FD2-5A74-45D1-86F2-CE86E868D439}.Release|iPhone.Deploy.0 = Release|Any CPU
		{DBF98FD2-5A74-45D1-86F2-CE86E868D439}.Release|iPhoneSimulator.ActiveCfg = Release|Any CPU
		{DBF98FD2-5A74-45D1-86F2-CE86E868D439}.Release|iPhoneSimulator.Build.0 = Release|Any CPU
		{DBF98FD2-5A74-45D1-86F2-CE86E868D439}.Release|iPhoneSimulator.Deploy.0 = Release|Any CPU
		{B16E7B9E-9822-4B67-B632-4B9181496923}.Ad-Hoc|Any CPU.ActiveCfg = Ad-Hoc|iPhone
		{B16E7B9E-9822-4B67-B632-4B9181496923}.Ad-Hoc|Any CPU.Build.0 = Ad-Hoc|iPhone
		{B16E7B9E-9822-4B67-B632-4B9181496923}.Ad-Hoc|Any CPU.Deploy.0 = Ad-Hoc|iPhone
		{B16E7B9E-9822-4B67-B632-4B9181496923}.Ad-Hoc|iPhone.ActiveCfg = Ad-Hoc|iPhone
		{B16E7B9E-9822-4B67-B632-4B9181496923}.Ad-Hoc|iPhone.Build.0 = Ad-Hoc|iPhone
		{B16E7B9E-9822-4B67-B632-4B9181496923}.Ad-Hoc|iPhone.Deploy.0 = Ad-Hoc|iPhone
		{B16E7B9E-9822-4B67-B632-4B9181496923}.Ad-Hoc|iPhoneSimulator.ActiveCfg = Ad-Hoc|iPhoneSimulator
		{B16E7B9E-9822-4B67-B632-4B9181496923}.Ad-Hoc|iPhoneSimulator.Build.0 = Ad-Hoc|iPhoneSimulator
		{B16E7B9E-9822-4B67-B632-4B9181496923}.Ad-Hoc|iPhoneSimulator.Deploy.0 = Ad-Hoc|iPhoneSimulator
		{B16E7B9E-9822-4B67-B632-4B9181496923}.AppStore|Any CPU.ActiveCfg = AppStore|iPhone
		{B16E7B9E-9822-4B67-B632-4B9181496923}.AppStore|Any CPU.Build.0 = AppStore|iPhone
		{B16E7B9E-9822-4B67-B632-4B9181496923}.AppStore|Any CPU.Deploy.0 = AppStore|iPhone
		{B16E7B9E-9822-4B67-B632-4B9181496923}.AppStore|iPhone.ActiveCfg = AppStore|iPhone
		{B16E7B9E-9822-4B67-B632-4B9181496923}.AppStore|iPhone.Build.0 = AppStore|iPhone
		{B16E7B9E-9822-4B67-B632-4B9181496923}.AppStore|iPhone.Deploy.0 = AppStore|iPhone
		{B16E7B9E-9822-4B67-B632-4B9181496923}.AppStore|iPhoneSimulator.ActiveCfg = AppStore|iPhoneSimulator
		{B16E7B9E-9822-4B67-B632-4B9181496923}.AppStore|iPhoneSimulator.Build.0 = AppStore|iPhoneSimulator
		{B16E7B9E-9822-4B67-B632-4B9181496923}.AppStore|iPhoneSimulator.Deploy.0 = AppStore|iPhoneSimulator
		{B16E7B9E-9822-4B67-B632-4B9181496923}.Debug|Any CPU.ActiveCfg = Debug|iPhoneSimulator
		{B16E7B9E-9822-4B67-B632-4B9181496923}.Debug|Any CPU.Build.0 = Debug|iPhoneSimulator
		{B16E7B9E-9822-4B67-B632-4B9181496923}.Debug|Any CPU.Deploy.0 = Debug|iPhoneSimulator
		{B16E7B9E-9822-4B67-B632-4B9181496923}.Debug|iPhone.ActiveCfg = Debug|iPhone
		{B16E7B9E-9822-4B67-B632-4B9181496923}.Debug|iPhone.Build.0 = Debug|iPhone
		{B16E7B9E-9822-4B67-B632-4B9181496923}.Debug|iPhone.Deploy.0 = Debug|iPhone
		{B16E7B9E-9822-4B67-B632-4B9181496923}.Debug|iPhoneSimulator.ActiveCfg = Debug|iPhoneSimulator
		{B16E7B9E-9822-4B67-B632-4B9181496923}.Debug|iPhoneSimulator.Build.0 = Debug|iPhoneSimulator
		{B16E7B9E-9822-4B67-B632-4B9181496923}.Debug|iPhoneSimulator.Deploy.0 = Debug|iPhoneSimulator
		{B16E7B9E-9822-4B67-B632-4B9181496923}.Release|Any CPU.ActiveCfg = Release|iPhone
		{B16E7B9E-9822-4B67-B632-4B9181496923}.Release|Any CPU.Build.0 = Release|iPhone
		{B16E7B9E-9822-4B67-B632-4B9181496923}.Release|Any CPU.Deploy.0 = Release|iPhone
		{B16E7B9E-9822-4B67-B632-4B9181496923}.Release|iPhone.ActiveCfg = Release|iPhone
		{B16E7B9E-9822-4B67-B632-4B9181496923}.Release|iPhone.Build.0 = Release|iPhone
		{B16E7B9E-9822-4B67-B632-4B9181496923}.Release|iPhone.Deploy.0 = Release|iPhone
		{B16E7B9E-9822-4B67-B632-4B9181496923}.Release|iPhoneSimulator.ActiveCfg = Release|iPhoneSimulator
		{B16E7B9E-9822-4B67-B632-4B9181496923}.Release|iPhoneSimulator.Build.0 = Release|iPhoneSimulator
		{B16E7B9E-9822-4B67-B632-4B9181496923}.Release|iPhoneSimulator.Deploy.0 = Release|iPhoneSimulator
		{497CCFAA-BC11-4C86-94AA-1F12FFB909C1}.Ad-Hoc|Any CPU.ActiveCfg = Debug|Any CPU
		{497CCFAA-BC11-4C86-94AA-1F12FFB909C1}.Ad-Hoc|Any CPU.Build.0 = Debug|Any CPU
		{497CCFAA-BC11-4C86-94AA-1F12FFB909C1}.Ad-Hoc|Any CPU.Deploy.0 = Debug|Any CPU
		{497CCFAA-BC11-4C86-94AA-1F12FFB909C1}.Ad-Hoc|iPhone.ActiveCfg = Debug|Any CPU
		{497CCFAA-BC11-4C86-94AA-1F12FFB909C1}.Ad-Hoc|iPhone.Build.0 = Debug|Any CPU
		{497CCFAA-BC11-4C86-94AA-1F12FFB909C1}.Ad-Hoc|iPhone.Deploy.0 = Debug|Any CPU
		{497CCFAA-BC11-4C86-94AA-1F12FFB909C1}.Ad-Hoc|iPhoneSimulator.ActiveCfg = Debug|Any CPU
		{497CCFAA-BC11-4C86-94AA-1F12FFB909C1}.Ad-Hoc|iPhoneSimulator.Build.0 = Debug|Any CPU
		{497CCFAA-BC11-4C86-94AA-1F12FFB909C1}.Ad-Hoc|iPhoneSimulator.Deploy.0 = Debug|Any CPU
		{497CCFAA-BC11-4C86-94AA-1F12FFB909C1}.AppStore|Any CPU.ActiveCfg = Debug|Any CPU
		{497CCFAA-BC11-4C86-94AA-1F12FFB909C1}.AppStore|Any CPU.Build.0 = Debug|Any CPU
		{497CCFAA-BC11-4C86-94AA-1F12FFB909C1}.AppStore|Any CPU.Deploy.0 = Debug|Any CPU
		{497CCFAA-BC11-4C86-94AA-1F12FFB909C1}.AppStore|iPhone.ActiveCfg = Debug|Any CPU
		{497CCFAA-BC11-4C86-94AA-1F12FFB909C1}.AppStore|iPhone.Build.0 = Debug|Any CPU
		{497CCFAA-BC11-4C86-94AA-1F12FFB909C1}.AppStore|iPhone.Deploy.0 = Debug|Any CPU
		{497CCFAA-BC11-4C86-94AA-1F12FFB909C1}.AppStore|iPhoneSimulator.ActiveCfg = Debug|Any CPU
		{497CCFAA-BC11-4C86-94AA-1F12FFB909C1}.AppStore|iPhoneSimulator.Build.0 = Debug|Any CPU
		{497CCFAA-BC11-4C86-94AA-1F12FFB909C1}.AppStore|iPhoneSimulator.Deploy.0 = Debug|Any CPU
		{497CCFAA-BC11-4C86-94AA-1F12FFB909C1}.Debug|Any CPU.ActiveCfg = Debug|Any CPU
		{497CCFAA-BC11-4C86-94AA-1F12FFB909C1}.Debug|Any CPU.Build.0 = Debug|Any CPU
		{497CCFAA-BC11-4C86-94AA-1F12FFB909C1}.Debug|Any CPU.Deploy.0 = Debug|Any CPU
		{497CCFAA-BC11-4C86-94AA-1F12FFB909C1}.Debug|iPhone.ActiveCfg = Debug|Any CPU
		{497CCFAA-BC11-4C86-94AA-1F12FFB909C1}.Debug|iPhone.Build.0 = Debug|Any CPU
		{497CCFAA-BC11-4C86-94AA-1F12FFB909C1}.Debug|iPhone.Deploy.0 = Debug|Any CPU
		{497CCFAA-BC11-4C86-94AA-1F12FFB909C1}.Debug|iPhoneSimulator.ActiveCfg = Debug|Any CPU
		{497CCFAA-BC11-4C86-94AA-1F12FFB909C1}.Debug|iPhoneSimulator.Build.0 = Debug|Any CPU
		{497CCFAA-BC11-4C86-94AA-1F12FFB909C1}.Debug|iPhoneSimulator.Deploy.0 = Debug|Any CPU
		{497CCFAA-BC11-4C86-94AA-1F12FFB909C1}.Release|Any CPU.ActiveCfg = Release|Any CPU
		{497CCFAA-BC11-4C86-94AA-1F12FFB909C1}.Release|Any CPU.Build.0 = Release|Any CPU
		{497CCFAA-BC11-4C86-94AA-1F12FFB909C1}.Release|Any CPU.Deploy.0 = Release|Any CPU
		{497CCFAA-BC11-4C86-94AA-1F12FFB909C1}.Release|iPhone.ActiveCfg = Release|Any CPU
		{497CCFAA-BC11-4C86-94AA-1F12FFB909C1}.Release|iPhone.Build.0 = Release|Any CPU
		{497CCFAA-BC11-4C86-94AA-1F12FFB909C1}.Release|iPhone.Deploy.0 = Release|Any CPU
		{497CCFAA-BC11-4C86-94AA-1F12FFB909C1}.Release|iPhoneSimulator.ActiveCfg = Release|Any CPU
		{497CCFAA-BC11-4C86-94AA-1F12FFB909C1}.Release|iPhoneSimulator.Build.0 = Release|Any CPU
		{497CCFAA-BC11-4C86-94AA-1F12FFB909C1}.Release|iPhoneSimulator.Deploy.0 = Release|Any CPU
	EndGlobalSection
	GlobalSection(SolutionProperties) = preSolution
		HideSolutionNode = FALSE
	EndGlobalSection
	GlobalSection(ExtensibilityGlobals) = postSolution
		SolutionGuid = {0EBCDEF2-8F09-4AD3-9433-764F65C5788C}
	EndGlobalSection
EndGlobal
